
Microsoft Visual Studio Solution File, Format Version 12.00
# Visual Studio Version 17
VisualStudioVersion = 17.14.36811.4 d17.14
MinimumVisualStudioVersion = 10.0.40219.1
Project("{FAE04EC0-301F-11D3-BF4B-00C04F79EFBC}") = "SistemaVotoAPI", "SistemaVotoAPI\SistemaVotoAPI.csproj", "{313FF896-B40E-4A48-89C8-9F43C29EB614}"
EndProject
Global
	GlobalSection(SolutionConfigurationPlatforms) = preSolution
		Debug|Any CPU = Debug|Any CPU
		Release|Any CPU = Release|Any CPU
	EndGlobalSection
	GlobalSection(ProjectConfigurationPlatforms) = postSolution
		{313FF896-B40E-4A48-89C8-9F43C29EB614}.Debug|Any CPU.ActiveCfg = Debug|Any CPU
		{313FF896-B40E-4A48-89C8-9F43C29EB614}.Debug|Any CPU.Build.0 = Debug|Any CPU
		{313FF896-B40E-4A48-89C8-9F43C29EB614}.Release|Any CPU.ActiveCfg = Release|Any CPU
		{313FF896-B40E-4A48-89C8-9F43C29EB614}.Release|Any CPU.Build.0 = Release|Any CPU
	EndGlobalSection
	GlobalSection(SolutionProperties) = preSolution
		HideSolutionNode = FALSE
	EndGlobalSection
	GlobalSection(ExtensibilityGlobals) = postSolution
		SolutionGuid = {EEC9417E-8682-4837-AFCB-F8B0623A9178}
	EndGlobalSection
EndGlobal
